
Microsoft Visual Studio Solution File, Format Version 12.00
# Visual Studio Version 17
VisualStudioVersion = 17.14.36109.1 d17.14
MinimumVisualStudioVersion = 10.0.40219.1
Project("{FAE04EC0-301F-11D3-BF4B-00C04F79EFBC}") = "HourChimer", "HourChimer.csproj", "{52F8ECA4-763B-49D0-962D-0C32F4DC38D9}"
EndProject
Global
	GlobalSection(SolutionConfigurationPlatforms) = preSolution
		Debug|Any CPU = Debug|Any CPU
		Release|Any CPU = Release|Any CPU
	EndGlobalSection
	GlobalSection(ProjectConfigurationPlatforms) = postSolution
		{52F8ECA4-763B-49D0-962D-0C32F4DC38D9}.Debug|Any CPU.ActiveCfg = Debug|Any CPU
		{52F8ECA4-763B-49D0-962D-0C32F4DC38D9}.Debug|Any CPU.Build.0 = Debug|Any CPU
		{52F8ECA4-763B-49D0-962D-0C32F4DC38D9}.Release|Any CPU.ActiveCfg = Release|Any CPU
		{52F8ECA4-763B-49D0-962D-0C32F4DC38D9}.Release|Any CPU.Build.0 = Release|Any CPU
	EndGlobalSection
	GlobalSection(SolutionProperties) = preSolution
		HideSolutionNode = FALSE
	EndGlobalSection
	GlobalSection(ExtensibilityGlobals) = postSolution
		SolutionGuid = {86E135F2-9448-4DD5-A70B-76885858C947}
	EndGlobalSection
EndGlobal
